
Microsoft Visual Studio Solution File, Format Version 12.00
# Visual Studio Version 17
VisualStudioVersion = 17.0.31919.166
MinimumVisualStudioVersion = 10.0.40219.1
Project("{FAE04EC0-301F-11D3-BF4B-00C04F79EFBC}") = "WindowsFormsApp1", "WindowsFormsApp1.csproj", "{419AF511-0A33-46BB-9ABE-E028F9B4ECBD}"
EndProject
Global
	GlobalSection(SolutionConfigurationPlatforms) = preSolution
		Debug|Any CPU = Debug|Any CPU
		Release|Any CPU = Release|Any CPU
	EndGlobalSection
	GlobalSection(ProjectConfigurationPlatforms) = postSolution
		{419AF511-0A33-46BB-9ABE-E028F9B4ECBD}.Debug|Any CPU.ActiveCfg = Debug|Any CPU
		{419AF511-0A33-46BB-9ABE-E028F9B4ECBD}.Debug|Any CPU.Build.0 = Debug|Any CPU
		{419AF511-0A33-46BB-9ABE-E028F9B4ECBD}.Release|Any CPU.ActiveCfg = Release|Any CPU
		{419AF511-0A33-46BB-9ABE-E028F9B4ECBD}.Release|Any CPU.Build.0 = Release|Any CPU
	EndGlobalSection
	GlobalSection(SolutionProperties) = preSolution
		HideSolutionNode = FALSE
	EndGlobalSection
	GlobalSection(ExtensibilityGlobals) = postSolution
		SolutionGuid = {FA2EEAF6-7A64-4F8E-8353-FBA63391F53E}
	EndGlobalSection
EndGlobal
